
Microsoft Visual Studio Solution File, Format Version 12.00
# Visual Studio 15
VisualStudioVersion = 15.0.27703.2047
MinimumVisualStudioVersion = 10.0.40219.1
Project("{FAE04EC0-301F-11D3-BF4B-00C04F79EFBC}") = "CoreMVC", "CoreMVC\CoreMVC.csproj", "{8750FFEB-38BB-4737-AB87-998F6CA27007}"
EndProject
Global
	GlobalSection(SolutionConfigurationPlatforms) = preSolution
		Debug|Any CPU = Debug|Any CPU
		Release|Any CPU = Release|Any CPU
	EndGlobalSection
	GlobalSection(ProjectConfigurationPlatforms) = postSolution
		{8750FFEB-38BB-4737-AB87-998F6CA27007}.Debug|Any CPU.ActiveCfg = Debug|Any CPU
		{8750FFEB-38BB-4737-AB87-998F6CA27007}.Debug|Any CPU.Build.0 = Debug|Any CPU
		{8750FFEB-38BB-4737-AB87-998F6CA27007}.Release|Any CPU.ActiveCfg = Release|Any CPU
		{8750FFEB-38BB-4737-AB87-998F6CA27007}.Release|Any CPU.Build.0 = Release|Any CPU
	EndGlobalSection
	GlobalSection(SolutionProperties) = preSolution
		HideSolutionNode = FALSE
	EndGlobalSection
	GlobalSection(ExtensibilityGlobals) = postSolution
		SolutionGuid = {A19E6BDB-47F0-4374-8776-1069B968B2EE}
	EndGlobalSection
EndGlobal
